
Microsoft Visual Studio Solution File, Format Version 12.00
# Visual Studio Version 17
VisualStudioVersion = 17.0.31903.59
MinimumVisualStudioVersion = 10.0.40219.1
Project("{FAE04EC0-301F-11D3-BF4B-00C04F79EFBC}") = "MaSistemas.Web", "Web\MaSistemas.Web.csproj", "{472D73F8-5E43-4123-8735-B1537DE46CCA}"
EndProject
Project("{FAE04EC0-301F-11D3-BF4B-00C04F79EFBC}") = "MaSistemas.Business", "Business\MaSistemas.Business.csproj", "{12EA5EC6-CCB3-4C38-9736-C74379F8A117}"
EndProject
Project("{FAE04EC0-301F-11D3-BF4B-00C04F79EFBC}") = "MaSistemas.Model", "Model\MaSistemas.Model.csproj", "{F65C5265-588A-4371-AA1C-D5CE10D862F6}"
EndProject
Project("{FAE04EC0-301F-11D3-BF4B-00C04F79EFBC}") = "MaSistemas.ViewModel", "ViewModel\MaSistemas.ViewModel.csproj", "{8F11AA20-EE9E-4B24-924E-12D532F2137A}"
EndProject
Global
	GlobalSection(SolutionConfigurationPlatforms) = preSolution
		Debug|Any CPU = Debug|Any CPU
		Release|Any CPU = Release|Any CPU
	EndGlobalSection
	GlobalSection(SolutionProperties) = preSolution
		HideSolutionNode = FALSE
	EndGlobalSection
	GlobalSection(ProjectConfigurationPlatforms) = postSolution
		{472D73F8-5E43-4123-8735-B1537DE46CCA}.Debug|Any CPU.ActiveCfg = Debug|Any CPU
		{472D73F8-5E43-4123-8735-B1537DE46CCA}.Debug|Any CPU.Build.0 = Debug|Any CPU
		{472D73F8-5E43-4123-8735-B1537DE46CCA}.Release|Any CPU.ActiveCfg = Release|Any CPU
		{472D73F8-5E43-4123-8735-B1537DE46CCA}.Release|Any CPU.Build.0 = Release|Any CPU
		{12EA5EC6-CCB3-4C38-9736-C74379F8A117}.Debug|Any CPU.ActiveCfg = Debug|Any CPU
		{12EA5EC6-CCB3-4C38-9736-C74379F8A117}.Debug|Any CPU.Build.0 = Debug|Any CPU
		{12EA5EC6-CCB3-4C38-9736-C74379F8A117}.Release|Any CPU.ActiveCfg = Release|Any CPU
		{12EA5EC6-CCB3-4C38-9736-C74379F8A117}.Release|Any CPU.Build.0 = Release|Any CPU
		{F65C5265-588A-4371-AA1C-D5CE10D862F6}.Debug|Any CPU.ActiveCfg = Debug|Any CPU
		{F65C5265-588A-4371-AA1C-D5CE10D862F6}.Debug|Any CPU.Build.0 = Debug|Any CPU
		{F65C5265-588A-4371-AA1C-D5CE10D862F6}.Release|Any CPU.ActiveCfg = Release|Any CPU
		{F65C5265-588A-4371-AA1C-D5CE10D862F6}.Release|Any CPU.Build.0 = Release|Any CPU
		{8F11AA20-EE9E-4B24-924E-12D532F2137A}.Debug|Any CPU.ActiveCfg = Debug|Any CPU
		{8F11AA20-EE9E-4B24-924E-12D532F2137A}.Debug|Any CPU.Build.0 = Debug|Any CPU
		{8F11AA20-EE9E-4B24-924E-12D532F2137A}.Release|Any CPU.ActiveCfg = Release|Any CPU
		{8F11AA20-EE9E-4B24-924E-12D532F2137A}.Release|Any CPU.Build.0 = Release|Any CPU
	EndGlobalSection
EndGlobal
